// !$*UTF8*$!
{
	archiveVersion = 1;
	classes = {
	};
	objectVersion = 48;
	objects = {

/* Begin PBXBuildFile section */
		2EAEDA95207B080C00ECD5EB /* AppDelegate.m in Sources */ = {isa = PBXBuildFile; fileRef = 2EAEDA94207B080C00ECD5EB /* AppDelegate.m */; };
		2EAEDA98207B080C00ECD5EB /* ViewController.m in Sources */ = {isa = PBXBuildFile; fileRef = 2EAEDA97207B080C00ECD5EB /* ViewController.m */; };
		2EAEDA9B207B080C00ECD5EB /* Main.storyboard in Resources */ = {isa = PBXBuildFile; fileRef = 2EAEDA99207B080C00ECD5EB /* Main.storyboard */; };
		2EAEDA9D207B080C00ECD5EB /* Assets.xcassets in Resources */ = {isa = PBXBuildFile; fileRef = 2EAEDA9C207B080C00ECD5EB /* Assets.xcassets */; };
		2EAEDAA0207B080C00ECD5EB /* LaunchScreen.storyboard in Resources */ = {isa = PBXBuildFile; fileRef = 2EAEDA9E207B080C00ECD5EB /* LaunchScreen.storyboard */; };
		2EAEDAA3207B080C00ECD5EB /* main.m in Sources */ = {isa = PBXBuildFile; fileRef = 2EAEDAA2207B080C00ECD5EB /* main.m */; };
		2EAEDAAD207B080D00ECD5EB /* compilationsTests.m in Sources */ = {isa = PBXBuildFile; fileRef = 2EAEDAAC207B080D00ECD5EB /* compilationsTests.m */; };
		2EAEDAB8207B080D00ECD5EB /* compilationsUITests.m in Sources */ = {isa = PBXBuildFile; fileRef = 2EAEDAB7207B080D00ECD5EB /* compilationsUITests.m */; };
		2EAEDAC7207B112900ECD5EB /* ViewController1.m in Sources */ = {isa = PBXBuildFile; fileRef = 2EAEDAC6207B112900ECD5EB /* ViewController1.m */; };
		4A34C68F486D65DBB0F408B8 /* libPods-compilations.a in Frameworks */ = {isa = PBXBuildFile; fileRef = ABBB85E0ECF2B19CCC5C8089 /* libPods-compilations.a */; };
/* End PBXBuildFile section */

/* Begin PBXContainerItemProxy section */
		2EAEDAA9207B080D00ECD5EB /* PBXContainerItemProxy */ = {
			isa = PBXContainerItemProxy;
			containerPortal = 2EAEDA88207B080C00ECD5EB /* Project object */;
			proxyType = 1;
			remoteGlobalIDString = 2EAEDA8F207B080C00ECD5EB;
			remoteInfo = compilations;
		};
		2EAEDAB4207B080D00ECD5EB /* PBXContainerItemProxy */ = {
			isa = PBXContainerItemProxy;
			containerPortal = 2EAEDA88207B080C00ECD5EB /* Project object */;
			proxyType = 1;
			remoteGlobalIDString = 2EAEDA8F207B080C00ECD5EB;
			remoteInfo = compilations;
		};
/* End PBXContainerItemProxy section */

/* Begin PBXFileReference section */
		2EAEDA90207B080C00ECD5EB /* compilations.app */ = {isa = PBXFileReference; explicitFileType = wrapper.application; includeInIndex = 0; path = compilations.app; sourceTree = BUILT_PRODUCTS_DIR; };
		2EAEDA93207B080C00ECD5EB /* AppDelegate.h */ = {isa = PBXFileReference; lastKnownFileType = sourcecode.c.h; path = AppDelegate.h; sourceTree = "<group>"; };
		2EAEDA94207B080C00ECD5EB /* AppDelegate.m */ = {isa = PBXFileReference; lastKnownFileType = sourcecode.c.objc; path = AppDelegate.m; sourceTree = "<group>"; };
		2EAEDA96207B080C00ECD5EB /* ViewController.h */ = {isa = PBXFileReference; lastKnownFileType = sourcecode.c.h; path = ViewController.h; sourceTree = "<group>"; };
		2EAEDA97207B080C00ECD5EB /* ViewController.m */ = {isa = PBXFileReference; lastKnownFileType = sourcecode.c.objc; path = ViewController.m; sourceTree = "<group>"; };
		2EAEDA9A207B080C00ECD5EB /* Base */ = {isa = PBXFileReference; lastKnownFileType = file.storyboard; name = Base; path = Base.lproj/Main.storyboard; sourceTree = "<group>"; };
		2EAEDA9C207B080C00ECD5EB /* Assets.xcassets */ = {isa = PBXFileReference; lastKnownFileType = folder.assetcatalog; path = Assets.xcassets; sourceTree = "<group>"; };
		2EAEDA9F207B080C00ECD5EB /* Base */ = {isa = PBXFileReference; lastKnownFileType = file.storyboard; name = Base; path = Base.lproj/LaunchScreen.storyboard; sourceTree = "<group>"; };
		2EAEDAA1207B080C00ECD5EB /* Info.plist */ = {isa = PBXFileReference; lastKnownFileType = text.plist.xml; path = Info.plist; sourceTree = "<group>"; };
		2EAEDAA2207B080C00ECD5EB /* main.m */ = {isa = PBXFileReference; lastKnownFileType = sourcecode.c.objc; path = main.m; sourceTree = "<group>"; };
		2EAEDAA8207B080D00ECD5EB /* compilationsTests.xctest */ = {isa = PBXFileReference; explicitFileType = wrapper.cfbundle; includeInIndex = 0; path = compilationsTests.xctest; sourceTree = BUILT_PRODUCTS_DIR; };
		2EAEDAAC207B080D00ECD5EB /* compilationsTests.m */ = {isa = PBXFileReference; lastKnownFileType = sourcecode.c.objc; path = compilationsTests.m; sourceTree = "<group>"; };
		2EAEDAAE207B080D00ECD5EB /* Info.plist */ = {isa = PBXFileReference; lastKnownFileType = text.plist.xml; path = Info.plist; sourceTree = "<group>"; };
		2EAEDAB3207B080D00ECD5EB /* compilationsUITests.xctest */ = {isa = PBXFileReference; explicitFileType = wrapper.cfbundle; includeInIndex = 0; path = compilationsUITests.xctest; sourceTree = BUILT_PRODUCTS_DIR; };
		2EAEDAB7207B080D00ECD5EB /* compilationsUITests.m */ = {isa = PBXFileReference; lastKnownFileType = sourcecode.c.objc; path = compilationsUITests.m; sourceTree = "<group>"; };
		2EAEDAB9207B080D00ECD5EB /* Info.plist */ = {isa = PBXFileReference; lastKnownFileType = text.plist.xml; path = Info.plist; sourceTree = "<group>"; };
		2EAEDAC5207B112900ECD5EB /* ViewController1.h */ = {isa = PBXFileReference; lastKnownFileType = sourcecode.c.h; path = ViewController1.h; sourceTree = "<group>"; };
		2EAEDAC6207B112900ECD5EB /* ViewController1.m */ = {isa = PBXFileReference; lastKnownFileType = sourcecode.c.objc; path = ViewController1.m; sourceTree = "<group>"; };
		3188591FF67DB26914FE77CF /* Pods-compilations.release.xcconfig */ = {isa = PBXFileReference; includeInIndex = 1; lastKnownFileType = text.xcconfig; name = "Pods-compilations.release.xcconfig"; path = "Pods/Target Support Files/Pods-compilations/Pods-compilations.release.xcconfig"; sourceTree = "<group>"; };
		ABBB85E0ECF2B19CCC5C8089 /* libPods-compilations.a */ = {isa = PBXFileReference; explicitFileType = archive.ar; includeInIndex = 0; path = "libPods-compilations.a"; sourceTree = BUILT_PRODUCTS_DIR; };
		F742DAEFE720ED1D18520194 /* Pods-compilations.debug.xcconfig */ = {isa = PBXFileReference; includeInIndex = 1; lastKnownFileType = text.xcconfig; name = "Pods-compilations.debug.xcconfig"; path = "Pods/Target Support Files/Pods-compilations/Pods-compilations.debug.xcconfig"; sourceTree = "<group>"; };
/* End PBXFileReference section */

/* Begin PBXFrameworksBuildPhase section */
		2EAEDA8D207B080C00ECD5EB /* Frameworks */ = {
			isa = PBXFrameworksBuildPhase;
			buildActionMask = 2147483647;
			files = (
				4A34C68F486D65DBB0F408B8 /* libPods-compilations.a in Frameworks */,
			);
			runOnlyForDeploymentPostprocessing = 0;
		};
		2EAEDAA5207B080D00ECD5EB /* Frameworks */ = {
			isa = PBXFrameworksBuildPhase;
			buildActionMask = 2147483647;
			files = (
			);
			runOnlyForDeploymentPostprocessing = 0;
		};
		2EAEDAB0207B080D00ECD5EB /* Frameworks */ = {
			isa = PBXFrameworksBuildPhase;
			buildActionMask = 2147483647;
			files = (
			);
			runOnlyForDeploymentPostprocessing = 0;
		};
/* End PBXFrameworksBuildPhase section */

/* Begin PBXGroup section */
		2EAEDA87207B080C00ECD5EB = {
			isa = PBXGroup;
			children = (
				2EAEDA92207B080C00ECD5EB /* compilations */,
				2EAEDAAB207B080D00ECD5EB /* compilationsTests */,
				2EAEDAB6207B080D00ECD5EB /* compilationsUITests */,
				2EAEDA91207B080C00ECD5EB /* Products */,
				8ADC7930E1153B39B2372255 /* Pods */,
				3E51E728D651A4EE73684660 /* Frameworks */,
			);
			sourceTree = "<group>";
		};
		2EAEDA91207B080C00ECD5EB /* Products */ = {
			isa = PBXGroup;
			children = (
				2EAEDA90207B080C00ECD5EB /* compilations.app */,
				2EAEDAA8207B080D00ECD5EB /* compilationsTests.xctest */,
				2EAEDAB3207B080D00ECD5EB /* compilationsUITests.xctest */,
			);
			name = Products;
			sourceTree = "<group>";
		};
		2EAEDA92207B080C00ECD5EB /* compilations */ = {
			isa = PBXGroup;
			children = (
				2EAEDA93207B080C00ECD5EB /* AppDelegate.h */,
				2EAEDA94207B080C00ECD5EB /* AppDelegate.m */,
				2EAEDA96207B080C00ECD5EB /* ViewController.h */,
				2EAEDA97207B080C00ECD5EB /* ViewController.m */,
				2EAEDA99207B080C00ECD5EB /* Main.storyboard */,
				2EAEDA9C207B080C00ECD5EB /* Assets.xcassets */,
				2EAEDA9E207B080C00ECD5EB /* LaunchScreen.storyboard */,
				2EAEDAA1207B080C00ECD5EB /* Info.plist */,
				2EAEDAA2207B080C00ECD5EB /* main.m */,
				2EAEDAC5207B112900ECD5EB /* ViewController1.h */,
				2EAEDAC6207B112900ECD5EB /* ViewController1.m */,
			);
			path = compilations;
			sourceTree = "<group>";
		};
		2EAEDAAB207B080D00ECD5EB /* compilationsTests */ = {
			isa = PBXGroup;
			children = (
				2EAEDAAC207B080D00ECD5EB /* compilationsTests.m */,
				2EAEDAAE207B080D00ECD5EB /* Info.plist */,
			);
			path = compilationsTests;
			sourceTree = "<group>";
		};
		2EAEDAB6207B080D00ECD5EB /* compilationsUITests */ = {
			isa = PBXGroup;
			children = (
				2EAEDAB7207B080D00ECD5EB /* compilationsUITests.m */,
				2EAEDAB9207B080D00ECD5EB /* Info.plist */,
			);
			path = compilationsUITests;
			sourceTree = "<group>";
		};
		3E51E728D651A4EE73684660 /* Frameworks */ = {
			isa = PBXGroup;
			children = (
				ABBB85E0ECF2B19CCC5C8089 /* libPods-compilations.a */,
			);
			name = Frameworks;
			sourceTree = "<group>";
		};
		8ADC7930E1153B39B2372255 /* Pods */ = {
			isa = PBXGroup;
			children = (
				F742DAEFE720ED1D18520194 /* Pods-compilations.debug.xcconfig */,
				3188591FF67DB26914FE77CF /* Pods-compilations.release.xcconfig */,
			);
			name = Pods;
			sourceTree = "<group>";
		};
/* End PBXGroup section */

/* Begin PBXNativeTarget section */
		2EAEDA8F207B080C00ECD5EB /* compilations */ = {
			isa = PBXNativeTarget;
			buildConfigurationList = 2EAEDABC207B080D00ECD5EB /* Build configuration list for PBXNativeTarget "compilations" */;
			buildPhases = (
				4F02807D5C6B23E4A388D487 /* [CP] Check Pods Manifest.lock */,
				2EAEDA8C207B080C00ECD5EB /* Sources */,
				2EAEDA8D207B080C00ECD5EB /* Frameworks */,
				2EAEDA8E207B080C00ECD5EB /* Resources */,
				2ECEF673FB8F41C3775BAAAA /* [CP] Embed Pods Frameworks */,
				86DAD74A5FF4C744608FE1E8 /* [CP] Copy Pods Resources */,
			);
			buildRules = (
			);
			dependencies = (
			);
			name = compilations;
			productName = compilations;
			productReference = 2EAEDA90207B080C00ECD5EB /* compilations.app */;
			productType = "com.apple.product-type.application";
		};
		2EAEDAA7207B080D00ECD5EB /* compilationsTests */ = {
			isa = PBXNativeTarget;
			buildConfigurationList = 2EAEDABF207B080D00ECD5EB /* Build configuration list for PBXNativeTarget "compilationsTests" */;
			buildPhases = (
				2EAEDAA4207B080D00ECD5EB /* Sources */,
				2EAEDAA5207B080D00ECD5EB /* Frameworks */,
				2EAEDAA6207B080D00ECD5EB /* Resources */,
			);
			buildRules = (
			);
			dependencies = (
				2EAEDAAA207B080D00ECD5EB /* PBXTargetDependency */,
			);
			name = compilationsTests;
			productName = compilationsTests;
			productReference = 2EAEDAA8207B080D00ECD5EB /* compilationsTests.xctest */;
			productType = "com.apple.product-type.bundle.unit-test";
		};
		2EAEDAB2207B080D00ECD5EB /* compilationsUITests */ = {
			isa = PBXNativeTarget;
			buildConfigurationList = 2EAEDAC2207B080D00ECD5EB /* Build configuration list for PBXNativeTarget "compilationsUITests" */;
			buildPhases = (
				2EAEDAAF207B080D00ECD5EB /* Sources */,
				2EAEDAB0207B080D00ECD5EB /* Frameworks */,
				2EAEDAB1207B080D00ECD5EB /* Resources */,
			);
			buildRules = (
			);
			dependencies = (
				2EAEDAB5207B080D00ECD5EB /* PBXTargetDependency */,
			);
			name = compilationsUITests;
			productName = compilationsUITests;
			productReference = 2EAEDAB3207B080D00ECD5EB /* compilationsUITests.xctest */;
			productType = "com.apple.product-type.bundle.ui-testing";
		};
/* End PBXNativeTarget section */

/* Begin PBXProject section */
		2EAEDA88207B080C00ECD5EB /* Project object */ = {
			isa = PBXProject;
			attributes = {
				LastUpgradeCheck = 0920;
				ORGANIZATIONNAME = SS;
				TargetAttributes = {
					2EAEDA8F207B080C00ECD5EB = {
						CreatedOnToolsVersion = 9.2;
						ProvisioningStyle = Automatic;
					};
					2EAEDAA7207B080D00ECD5EB = {
						CreatedOnToolsVersion = 9.2;
						ProvisioningStyle = Automatic;
						TestTargetID = 2EAEDA8F207B080C00ECD5EB;
					};
					2EAEDAB2207B080D00ECD5EB = {
						CreatedOnToolsVersion = 9.2;
						ProvisioningStyle = Automatic;
						TestTargetID = 2EAEDA8F207B080C00ECD5EB;
					};
				};
			};
			buildConfigurationList = 2EAEDA8B207B080C00ECD5EB /* Build configuration list for PBXProject "compilations" */;
			compatibilityVersion = "Xcode 8.0";
			developmentRegion = en;
			hasScannedForEncodings = 0;
			knownRegions = (
				en,
				Base,
			);
			mainGroup = 2EAEDA87207B080C00ECD5EB;
			productRefGroup = 2EAEDA91207B080C00ECD5EB /* Products */;
			projectDirPath = "";
			projectRoot = "";
			targets = (
				2EAEDA8F207B080C00ECD5EB /* compilations */,
				2EAEDAA7207B080D00ECD5EB /* compilationsTests */,
				2EAEDAB2207B080D00ECD5EB /* compilationsUITests */,
			);
		};
/* End PBXProject section */

/* Begin PBXResourcesBuildPhase section */
		2EAEDA8E207B080C00ECD5EB /* Resources */ = {
			isa = PBXResourcesBuildPhase;
			buildActionMask = 2147483647;
			files = (
				2EAEDAA0207B080C00ECD5EB /* LaunchScreen.storyboard in Resources */,
				2EAEDA9D207B080C00ECD5EB /* Assets.xcassets in Resources */,
				2EAEDA9B207B080C00ECD5EB /* Main.storyboard in Resources */,
			);
			runOnlyForDeploymentPostprocessing = 0;
		};
		2EAEDAA6207B080D00ECD5EB /* Resources */ = {
			isa = PBXResourcesBuildPhase;
			buildActionMask = 2147483647;
			files = (
			);
			runOnlyForDeploymentPostprocessing = 0;
		};
		2EAEDAB1207B080D00ECD5EB /* Resources */ = {
			isa = PBXResourcesBuildPhase;
			buildActionMask = 2147483647;
			files = (
			);
			runOnlyForDeploymentPostprocessing = 0;
		};
/* End PBXResourcesBuildPhase section */

/* Begin PBXShellScriptBuildPhase section */
		2ECEF673FB8F41C3775BAAAA /* [CP] Embed Pods Frameworks */ = {
			isa = PBXShellScriptBuildPhase;
			buildActionMask = 2147483647;
			files = (
			);
			inputPaths = (
			);
			name = "[CP] Embed Pods Frameworks";
			outputPaths = (
			);
			runOnlyForDeploymentPostprocessing = 0;
			shellPath = /bin/sh;
			shellScript = "\"${SRCROOT}/Pods/Target Support Files/Pods-compilations/Pods-compilations-frameworks.sh\"\n";
			showEnvVarsInLog = 0;
		};
		4F02807D5C6B23E4A388D487 /* [CP] Check Pods Manifest.lock */ = {
			isa = PBXShellScriptBuildPhase;
			buildActionMask = 2147483647;
			files = (
			);
			inputPaths = (
				"${PODS_PODFILE_DIR_PATH}/Podfile.lock",
				"${PODS_ROOT}/Manifest.lock",
			);
			name = "[CP] Check Pods Manifest.lock";
			outputPaths = (
				"$(DERIVED_FILE_DIR)/Pods-compilations-checkManifestLockResult.txt",
			);
			runOnlyForDeploymentPostprocessing = 0;
			shellPath = /bin/sh;
			shellScript = "diff \"${PODS_PODFILE_DIR_PATH}/Podfile.lock\" \"${PODS_ROOT}/Manifest.lock\" > /dev/null\nif [ $? != 0 ] ; then\n    # print error to STDERR\n    echo \"error: The sandbox is not in sync with the Podfile.lock. Run 'pod install' or update your CocoaPods installation.\" >&2\n    exit 1\nfi\n# This output is used by Xcode 'outputs' to avoid re-running this script phase.\necho \"SUCCESS\" > \"${SCRIPT_OUTPUT_FILE_0}\"\n";
			showEnvVarsInLog = 0;
		};
		86DAD74A5FF4C744608FE1E8 /* [CP] Copy Pods Resources */ = {
			isa = PBXShellScriptBuildPhase;
			buildActionMask = 2147483647;
			files = (
			);
			inputPaths = (
			);
			name = "[CP] Copy Pods Resources";
			outputPaths = (
			);
			runOnlyForDeploymentPostprocessing = 0;
			shellPath = /bin/sh;
			shellScript = "\"${SRCROOT}/Pods/Target Support Files/Pods-compilations/Pods-compilations-resources.sh\"\n";
			showEnvVarsInLog = 0;
		};
/* End PBXShellScriptBuildPhase section */

/* Begin PBXSourcesBuildPhase section */
		2EAEDA8C207B080C00ECD5EB /* Sources */ = {
			isa = PBXSourcesBuildPhase;
			buildActionMask = 2147483647;
			files = (
				2EAEDAC7207B112900ECD5EB /* ViewController1.m in Sources */,
				2EAEDA98207B080C00ECD5EB /* ViewController.m in Sources */,
				2EAEDAA3207B080C00ECD5EB /* main.m in Sources */,
				2EAEDA95207B080C00ECD5EB /* AppDelegate.m in Sources */,
			);
			runOnlyForDeploymentPostprocessing = 0;
		};
		2EAEDAA4207B080D00ECD5EB /* Sources */ = {
			isa = PBXSourcesBuildPhase;
			buildActionMask = 2147483647;
			files = (
				2EAEDAAD207B080D00ECD5EB /* compilationsTests.m in Sources */,
			);
			runOnlyForDeploymentPostprocessing = 0;
		};
		2EAEDAAF207B080D00ECD5EB /* Sources */ = {
			isa = PBXSourcesBuildPhase;
			buildActionMask = 2147483647;
			files = (
				2EAEDAB8207B080D00ECD5EB /* compilationsUITests.m in Sources */,
			);
			runOnlyForDeploymentPostprocessing = 0;
		};
/* End PBXSourcesBuildPhase section */

/* Begin PBXTargetDependency section */
		2EAEDAAA207B080D00ECD5EB /* PBXTargetDependency */ = {
			isa = PBXTargetDependency;
			target = 2EAEDA8F207B080C00ECD5EB /* compilations */;
			targetProxy = 2EAEDAA9207B080D00ECD5EB /* PBXContainerItemProxy */;
		};
		2EAEDAB5207B080D00ECD5EB /* PBXTargetDependency */ = {
			isa = PBXTargetDependency;
			target = 2EAEDA8F207B080C00ECD5EB /* compilations */;
			targetProxy = 2EAEDAB4207B080D00ECD5EB /* PBXContainerItemProxy */;
		};
/* End PBXTargetDependency section */

/* Begin PBXVariantGroup section */
		2EAEDA99207B080C00ECD5EB /* Main.storyboard */ = {
			isa = PBXVariantGroup;
			children = (
				2EAEDA9A207B080C00ECD5EB /* Base */,
			);
			name = Main.storyboard;
			sourceTree = "<group>";
		};
		2EAEDA9E207B080C00ECD5EB /* LaunchScreen.storyboard */ = {
			isa = PBXVariantGroup;
			children = (
				2EAEDA9F207B080C00ECD5EB /* Base */,
			);
			name = LaunchScreen.storyboard;
			sourceTree = "<group>";
		};
/* End PBXVariantGroup section */

/* Begin XCBuildConfiguration section */
		2EAEDABA207B080D00ECD5EB /* Debug */ = {
			isa = XCBuildConfiguration;
			buildSettings = {
				ALWAYS_SEARCH_USER_PATHS = NO;
				CLANG_ANALYZER_NONNULL = YES;
				CLANG_ANALYZER_NUMBER_OBJECT_CONVERSION = YES_AGGRESSIVE;
				CLANG_CXX_LANGUAGE_STANDARD = "gnu++14";
				CLANG_CXX_LIBRARY = "libc++";
				CLANG_ENABLE_MODULES = YES;
				CLANG_ENABLE_OBJC_ARC = YES;
				CLANG_WARN_BLOCK_CAPTURE_AUTORELEASING = YES;
				CLANG_WARN_BOOL_CONVERSION = YES;
				CLANG_WARN_COMMA = YES;
				CLANG_WARN_CONSTANT_CONVERSION = YES;
				CLANG_WARN_DIRECT_OBJC_ISA_USAGE = YES_ERROR;
				CLANG_WARN_DOCUMENTATION_COMMENTS = YES;
				CLANG_WARN_EMPTY_BODY = YES;
				CLANG_WARN_ENUM_CONVERSION = YES;
				CLANG_WARN_INFINITE_RECURSION = YES;
				CLANG_WARN_INT_CONVERSION = YES;
				CLANG_WARN_NON_LITERAL_NULL_CONVERSION = YES;
				CLANG_WARN_OBJC_LITERAL_CONVERSION = YES;
				CLANG_WARN_OBJC_ROOT_CLASS = YES_ERROR;
				CLANG_WARN_RANGE_LOOP_ANALYSIS = YES;
				CLANG_WARN_STRICT_PROTOTYPES = YES;
				CLANG_WARN_SUSPICIOUS_MOVE = YES;
				CLANG_WARN_UNGUARDED_AVAILABILITY = YES_AGGRESSIVE;
				CLANG_WARN_UNREACHABLE_CODE = YES;
				CLANG_WARN__DUPLICATE_METHOD_MATCH = YES;
				CODE_SIGN_IDENTITY = "iPhone Developer";
				COPY_PHASE_STRIP = NO;
				DEBUG_INFORMATION_FORMAT = dwarf;
				ENABLE_STRICT_OBJC_MSGSEND = YES;
				ENABLE_TESTABILITY = YES;
				GCC_C_LANGUAGE_STANDARD = gnu11;
				GCC_DYNAMIC_NO_PIC = NO;
				GCC_NO_COMMON_BLOCKS = YES;
				GCC_OPTIMIZATION_LEVEL = 0;
				GCC_PREPROCESSOR_DEFINITIONS = (
					"DEBUG=1",
					"$(inherited)",
				);
				GCC_WARN_64_TO_32_BIT_CONVERSION = YES;
				GCC_WARN_ABOUT_RETURN_TYPE = YES_ERROR;
				GCC_WARN_UNDECLARED_SELECTOR = YES;
				GCC_WARN_UNINITIALIZED_AUTOS = YES_AGGRESSIVE;
				GCC_WARN_UNUSED_FUNCTION = YES;
				GCC_WARN_UNUSED_VARIABLE = YES;
				IPHONEOS_DEPLOYMENT_TARGET = 11.2;
				MTL_ENABLE_DEBUG_INFO = YES;
				ONLY_ACTIVE_ARCH = YES;
				SDKROOT = iphoneos;
			};
			name = Debug;
		};
		2EAEDABB207B080D00ECD5EB /* Release */ = {
			isa = XCBuildConfiguration;
			buildSettings = {
				ALWAYS_SEARCH_USER_PATHS = NO;
				CLANG_ANALYZER_NONNULL = YES;
				CLANG_ANALYZER_NUMBER_OBJECT_CONVERSION = YES_AGGRESSIVE;
				CLANG_CXX_LANGUAGE_STANDARD = "gnu++14";
				CLANG_CXX_LIBRARY = "libc++";
				CLANG_ENABLE_MODULES = YES;
				CLANG_ENABLE_OBJC_ARC = YES;
				CLANG_WARN_BLOCK_CAPTURE_AUTORELEASING = YES;
				CLANG_WARN_BOOL_CONVERSION = YES;
				CLANG_WARN_COMMA = YES;
				CLANG_WARN_CONSTANT_CONVERSION = YES;
				CLANG_WARN_DIRECT_OBJC_ISA_USAGE = YES_ERROR;
				CLANG_WARN_DOCUMENTATION_COMMENTS = YES;
				CLANG_WARN_EMPTY_BODY = YES;
				CLANG_WARN_ENUM_CONVERSION = YES;
				CLANG_WARN_INFINITE_RECURSION = YES;
				CLANG_WARN_INT_CONVERSION = YES;
				CLANG_WARN_NON_LITERAL_NULL_CONVERSION = YES;
				CLANG_WARN_OBJC_LITERAL_CONVERSION = YES;
				CLANG_WARN_OBJC_ROOT_CLASS = YES_ERROR;
				CLANG_WARN_RANGE_LOOP_ANALYSIS = YES;
				CLANG_WARN_STRICT_PROTOTYPES = YES;
				CLANG_WARN_SUSPICIOUS_MOVE = YES;
				CLANG_WARN_UNGUARDED_AVAILABILITY = YES_AGGRESSIVE;
				CLANG_WARN_UNREACHABLE_CODE = YES;
				CLANG_WARN__DUPLICATE_METHOD_MATCH = YES;
				CODE_SIGN_IDENTITY = "iPhone Developer";
				COPY_PHASE_STRIP = NO;
				DEBUG_INFORMATION_FORMAT = "dwarf-with-dsym";
				ENABLE_NS_ASSERTIONS = NO;
				ENABLE_STRICT_OBJC_MSGSEND = YES;
				GCC_C_LANGUAGE_STANDARD = gnu11;
				GCC_NO_COMMON_BLOCKS = YES;
				GCC_WARN_64_TO_32_BIT_CONVERSION = YES;
				GCC_WARN_ABOUT_RETURN_TYPE = YES_ERROR;
				GCC_WARN_UNDECLARED_SELECTOR = YES;
				GCC_WARN_UNINITIALIZED_AUTOS = YES_AGGRESSIVE;
				GCC_WARN_UNUSED_FUNCTION = YES;
				GCC_WARN_UNUSED_VARIABLE = YES;
				IPHONEOS_DEPLOYMENT_TARGET = 11.2;
				MTL_ENABLE_DEBUG_INFO = NO;
				SDKROOT = iphoneos;
				VALIDATE_PRODUCT = YES;
			};
			name = Release;
		};
		2EAEDABD207B080D00ECD5EB /* Debug */ = {
			isa = XCBuildConfiguration;
			baseConfigurationReference = F742DAEFE720ED1D18520194 /* Pods-compilations.debug.xcconfig */;
			buildSettings = {
				ASSETCATALOG_COMPILER_APPICON_NAME = AppIcon;
				CODE_SIGN_STYLE = Automatic;
				DEVELOPMENT_TEAM = J3S7Q9785Q;
				INFOPLIST_FILE = compilations/Info.plist;
				LD_RUNPATH_SEARCH_PATHS = "$(inherited) @executable_path/Frameworks";
				PRODUCT_BUNDLE_IDENTIFIER = com.ShuShan.compilations;
				PRODUCT_NAME = "$(TARGET_NAME)";
				TARGETED_DEVICE_FAMILY = "1,2";
			};
			name = Debug;
		};
		2EAEDABE207B080D00ECD5EB /* Release */ = {
			isa = XCBuildConfiguration;
			baseConfigurationReference = 3188591FF67DB26914FE77CF /* Pods-compilations.release.xcconfig */;
			buildSettings = {
				ASSETCATALOG_COMPILER_APPICON_NAME = AppIcon;
				CODE_SIGN_STYLE = Automatic;
				DEVELOPMENT_TEAM = J3S7Q9785Q;
				INFOPLIST_FILE = compilations/Info.plist;
				LD_RUNPATH_SEARCH_PATHS = "$(inherited) @executable_path/Frameworks";
				PRODUCT_BUNDLE_IDENTIFIER = com.ShuShan.compilations;
				PRODUCT_NAME = "$(TARGET_NAME)";
				TARGETED_DEVICE_FAMILY = "1,2";
			};
			name = Release;
		};
		2EAEDAC0207B080D00ECD5EB /* Debug */ = {
			isa = XCBuildConfiguration;
			buildSettings = {
				BUNDLE_LOADER = "$(TEST_HOST)";
				CODE_SIGN_STYLE = Automatic;
				INFOPLIST_FILE = compilationsTests/Info.plist;
				LD_RUNPATH_SEARCH_PATHS = "$(inherited) @executable_path/Frameworks @loader_path/Frameworks";
				PRODUCT_BUNDLE_IDENTIFIER = com.ShuShan.compilationsTests;
				PRODUCT_NAME = "$(TARGET_NAME)";
				TARGETED_DEVICE_FAMILY = "1,2";
				TEST_HOST = "$(BUILT_PRODUCTS_DIR)/compilations.app/compilations";
			};
			name = Debug;
		};
		2EAEDAC1207B080D00ECD5EB /* Release */ = {
			isa = XCBuildConfiguration;
			buildSettings = {
				BUNDLE_LOADER = "$(TEST_HOST)";
				CODE_SIGN_STYLE = Automatic;
				INFOPLIST_FILE = compilationsTests/Info.plist;
				LD_RUNPATH_SEARCH_PATHS = "$(inherited) @executable_path/Frameworks @loader_path/Frameworks";
				PRODUCT_BUNDLE_IDENTIFIER = com.ShuShan.compilationsTests;
				PRODUCT_NAME = "$(TARGET_NAME)";
				TARGETED_DEVICE_FAMILY = "1,2";
				TEST_HOST = "$(BUILT_PRODUCTS_DIR)/compilations.app/compilations";
			};
			name = Release;
		};
		2EAEDAC3207B080D00ECD5EB /* Debug */ = {
			isa = XCBuildConfiguration;
			buildSettings = {
				CODE_SIGN_STYLE = Automatic;
				INFOPLIST_FILE = compilationsUITests/Info.plist;
				LD_RUNPATH_SEARCH_PATHS = "$(inherited) @executable_path/Frameworks @loader_path/Frameworks";
				PRODUCT_BUNDLE_IDENTIFIER = com.ShuShan.compilationsUITests;
				PRODUCT_NAME = "$(TARGET_NAME)";
				TARGETED_DEVICE_FAMILY = "1,2";
				TEST_TARGET_NAME = compilations;
			};
			name = Debug;
		};
		2EAEDAC4207B080D00ECD5EB /* Release */ = {
			isa = XCBuildConfiguration;
			buildSettings = {
				CODE_SIGN_STYLE = Automatic;
				INFOPLIST_FILE = compilationsUITests/Info.plist;
				LD_RUNPATH_SEARCH_PATHS = "$(inherited) @executable_path/Frameworks @loader_path/Frameworks";
				PRODUCT_BUNDLE_IDENTIFIER = com.ShuShan.compilationsUITests;
				PRODUCT_NAME = "$(TARGET_NAME)";
				TARGETED_DEVICE_FAMILY = "1,2";
				TEST_TARGET_NAME = compilations;
			};
			name = Release;
		};
/* End XCBuildConfiguration section */

/* Begin XCConfigurationList section */
		2EAEDA8B207B080C00ECD5EB /* Build configuration list for PBXProject "compilations" */ = {
			isa = XCConfigurationList;
			buildConfigurations = (
				2EAEDABA207B080D00ECD5EB /* Debug */,
				2EAEDABB207B080D00ECD5EB /* Release */,
			);
			defaultConfigurationIsVisible = 0;
			defaultConfigurationName = Release;
		};
		2EAEDABC207B080D00ECD5EB /* Build configuration list for PBXNativeTarget "compilations" */ = {
			isa = XCConfigurationList;
			buildConfigurations = (
				2EAEDABD207B080D00ECD5EB /* Debug */,
				2EAEDABE207B080D00ECD5EB /* Release */,
			);
			defaultConfigurationIsVisible = 0;
			defaultConfigurationName = Release;
		};
		2EAEDABF207B080D00ECD5EB /* Build configuration list for PBXNativeTarget "compilationsTests" */ = {
			isa = XCConfigurationList;
			buildConfigurations = (
				2EAEDAC0207B080D00ECD5EB /* Debug */,
				2EAEDAC1207B080D00ECD5EB /* Release */,
			);
			defaultConfigurationIsVisible = 0;
			defaultConfigurationName = Release;
		};
		2EAEDAC2207B080D00ECD5EB /* Build configuration list for PBXNativeTarget "compilationsUITests" */ = {
			isa = XCConfigurationList;
			buildConfigurations = (
				2EAEDAC3207B080D00ECD5EB /* Debug */,
				2EAEDAC4207B080D00ECD5EB /* Release */,
			);
			defaultConfigurationIsVisible = 0;
			defaultConfigurationName = Release;
		};
/* End XCConfigurationList section */
	};
	rootObject = 2EAEDA88207B080C00ECD5EB /* Project object */;
}
